
Microsoft Visual Studio Solution File, Format Version 12.00
# Visual Studio Version 17
VisualStudioVersion = 17.10.34825.169
MinimumVisualStudioVersion = 10.0.40219.1
Project("{FAE04EC0-301F-11D3-BF4B-00C04F79EFBC}") = "ListOfTenants", "ListOfTenants\ListOfTenants.csproj", "{D07A17C4-554A-492F-A7DB-5BAC9E76F5A5}"
EndProject
Global
	GlobalSection(SolutionConfigurationPlatforms) = preSolution
		Debug|Any CPU = Debug|Any CPU
		Release|Any CPU = Release|Any CPU
	EndGlobalSection
	GlobalSection(ProjectConfigurationPlatforms) = postSolution
		{D07A17C4-554A-492F-A7DB-5BAC9E76F5A5}.Debug|Any CPU.ActiveCfg = Debug|Any CPU
		{D07A17C4-554A-492F-A7DB-5BAC9E76F5A5}.Debug|Any CPU.Build.0 = Debug|Any CPU
		{D07A17C4-554A-492F-A7DB-5BAC9E76F5A5}.Release|Any CPU.ActiveCfg = Release|Any CPU
		{D07A17C4-554A-492F-A7DB-5BAC9E76F5A5}.Release|Any CPU.Build.0 = Release|Any CPU
	EndGlobalSection
	GlobalSection(SolutionProperties) = preSolution
		HideSolutionNode = FALSE
	EndGlobalSection
	GlobalSection(ExtensibilityGlobals) = postSolution
		SolutionGuid = {92B83D52-C9A0-4828-ADDC-27DB11F1C286}
	EndGlobalSection
EndGlobal
